// !$*UTF8*$!
{
	archiveVersion = 1;
	classes = {
	};
	objectVersion = 50;
	objects = {

/* Begin PBXBuildFile section */
		1BD042B921DC64AE00CAC0BE /* CategoryTableViewController.swift in Sources */ = {isa = PBXBuildFile; fileRef = 1BD042B821DC64AE00CAC0BE /* CategoryTableViewController.swift */; };
		1BD042BD21DC928B00CAC0BE /* Item.swift in Sources */ = {isa = PBXBuildFile; fileRef = 1BD042BC21DC928B00CAC0BE /* Item.swift */; };
		1BD042BF21DC929400CAC0BE /* Category.swift in Sources */ = {isa = PBXBuildFile; fileRef = 1BD042BE21DC929400CAC0BE /* Category.swift */; };
		1BDDF5E621D4A41D00271069 /* AppDelegate.swift in Sources */ = {isa = PBXBuildFile; fileRef = 1BDDF5E521D4A41D00271069 /* AppDelegate.swift */; };
		1BDDF5E821D4A41D00271069 /* ToDoListTableViewController.swift in Sources */ = {isa = PBXBuildFile; fileRef = 1BDDF5E721D4A41D00271069 /* ToDoListTableViewController.swift */; };
		1BDDF5EB21D4A41D00271069 /* Main.storyboard in Resources */ = {isa = PBXBuildFile; fileRef = 1BDDF5E921D4A41D00271069 /* Main.storyboard */; };
		1BDDF5ED21D4A41F00271069 /* Assets.xcassets in Resources */ = {isa = PBXBuildFile; fileRef = 1BDDF5EC21D4A41F00271069 /* Assets.xcassets */; };
		1BDDF5F021D4A41F00271069 /* LaunchScreen.storyboard in Resources */ = {isa = PBXBuildFile; fileRef = 1BDDF5EE21D4A41F00271069 /* LaunchScreen.storyboard */; };
		7EF5C4D30C83B44D1600422F /* Pods_ZenCalmList.framework in Frameworks */ = {isa = PBXBuildFile; fileRef = 4C4AC2B633316AF0CAD0586F /* Pods_ZenCalmList.framework */; };
/* End PBXBuildFile section */

/* Begin PBXFileReference section */
		1BD042B821DC64AE00CAC0BE /* CategoryTableViewController.swift */ = {isa = PBXFileReference; lastKnownFileType = sourcecode.swift; path = CategoryTableViewController.swift; sourceTree = "<group>"; };
		1BD042BC21DC928B00CAC0BE /* Item.swift */ = {isa = PBXFileReference; lastKnownFileType = sourcecode.swift; path = Item.swift; sourceTree = "<group>"; };
		1BD042BE21DC929400CAC0BE /* Category.swift */ = {isa = PBXFileReference; lastKnownFileType = sourcecode.swift; path = Category.swift; sourceTree = "<group>"; };
		1BDDF5E221D4A41D00271069 /* ZenCalmList.app */ = {isa = PBXFileReference; explicitFileType = wrapper.application; includeInIndex = 0; path = ZenCalmList.app; sourceTree = BUILT_PRODUCTS_DIR; };
		1BDDF5E521D4A41D00271069 /* AppDelegate.swift */ = {isa = PBXFileReference; lastKnownFileType = sourcecode.swift; path = AppDelegate.swift; sourceTree = "<group>"; };
		1BDDF5E721D4A41D00271069 /* ToDoListTableViewController.swift */ = {isa = PBXFileReference; lastKnownFileType = sourcecode.swift; path = ToDoListTableViewController.swift; sourceTree = "<group>"; };
		1BDDF5EA21D4A41D00271069 /* Base */ = {isa = PBXFileReference; lastKnownFileType = file.storyboard; name = Base; path = Base.lproj/Main.storyboard; sourceTree = "<group>"; };
		1BDDF5EC21D4A41F00271069 /* Assets.xcassets */ = {isa = PBXFileReference; lastKnownFileType = folder.assetcatalog; path = Assets.xcassets; sourceTree = "<group>"; };
		1BDDF5EF21D4A41F00271069 /* Base */ = {isa = PBXFileReference; lastKnownFileType = file.storyboard; name = Base; path = Base.lproj/LaunchScreen.storyboard; sourceTree = "<group>"; };
		1BDDF5F121D4A41F00271069 /* Info.plist */ = {isa = PBXFileReference; lastKnownFileType = text.plist.xml; path = Info.plist; sourceTree = "<group>"; };
		3BD65263E94180A69585AB02 /* Pods-ZenCalmList.release.xcconfig */ = {isa = PBXFileReference; includeInIndex = 1; lastKnownFileType = text.xcconfig; name = "Pods-ZenCalmList.release.xcconfig"; path = "Pods/Target Support Files/Pods-ZenCalmList/Pods-ZenCalmList.release.xcconfig"; sourceTree = "<group>"; };
		4C4AC2B633316AF0CAD0586F /* Pods_ZenCalmList.framework */ = {isa = PBXFileReference; explicitFileType = wrapper.framework; includeInIndex = 0; path = Pods_ZenCalmList.framework; sourceTree = BUILT_PRODUCTS_DIR; };
		B89CCE33CCCFEC2E0CB870ED /* Pods-ZenCalmList.debug.xcconfig */ = {isa = PBXFileReference; includeInIndex = 1; lastKnownFileType = text.xcconfig; name = "Pods-ZenCalmList.debug.xcconfig"; path = "Pods/Target Support Files/Pods-ZenCalmList/Pods-ZenCalmList.debug.xcconfig"; sourceTree = "<group>"; };
/* End PBXFileReference section */

/* Begin PBXFrameworksBuildPhase section */
		1BDDF5DF21D4A41D00271069 /* Frameworks */ = {
			isa = PBXFrameworksBuildPhase;
			buildActionMask = 2147483647;
			files = (
				7EF5C4D30C83B44D1600422F /* Pods_ZenCalmList.framework in Frameworks */,
			);
			runOnlyForDeploymentPostprocessing = 0;
		};
/* End PBXFrameworksBuildPhase section */

/* Begin PBXGroup section */
		1B2BBD2221D7584C001EE3A2 /* Data Model */ = {
			isa = PBXGroup;
			children = (
				1BD042BE21DC929400CAC0BE /* Category.swift */,
				1BD042BC21DC928B00CAC0BE /* Item.swift */,
			);
			path = "Data Model";
			sourceTree = "<group>";
		};
		1B2BBD2321D75857001EE3A2 /* Controllers */ = {
			isa = PBXGroup;
			children = (
				1BD042B821DC64AE00CAC0BE /* CategoryTableViewController.swift */,
				1BDDF5E721D4A41D00271069 /* ToDoListTableViewController.swift */,
			);
			path = Controllers;
			sourceTree = "<group>";
		};
		1B2BBD2421D7586C001EE3A2 /* Views */ = {
			isa = PBXGroup;
			children = (
				1BDDF5E921D4A41D00271069 /* Main.storyboard */,
				1BDDF5EE21D4A41F00271069 /* LaunchScreen.storyboard */,
			);
			path = Views;
			sourceTree = "<group>";
		};
		1BDDF5D921D4A41D00271069 = {
			isa = PBXGroup;
			children = (
				1BDDF5E421D4A41D00271069 /* ZenCalmList */,
				1BDDF5E321D4A41D00271069 /* Products */,
				91EE36202FF347F1D49600BC /* Pods */,
				27B0F66E048BEC2EDCDE9636 /* Frameworks */,
			);
			sourceTree = "<group>";
		};
		1BDDF5E321D4A41D00271069 /* Products */ = {
			isa = PBXGroup;
			children = (
				1BDDF5E221D4A41D00271069 /* ZenCalmList.app */,
			);
			name = Products;
			sourceTree = "<group>";
		};
		1BDDF5E421D4A41D00271069 /* ZenCalmList */ = {
			isa = PBXGroup;
			children = (
				1BDDF5E521D4A41D00271069 /* AppDelegate.swift */,
				1B2BBD2321D75857001EE3A2 /* Controllers */,
				1B2BBD2221D7584C001EE3A2 /* Data Model */,
				1B2BBD2421D7586C001EE3A2 /* Views */,
				1BDDF5EC21D4A41F00271069 /* Assets.xcassets */,
				1BDDF5F121D4A41F00271069 /* Info.plist */,
			);
			path = ZenCalmList;
			sourceTree = "<group>";
		};
		27B0F66E048BEC2EDCDE9636 /* Frameworks */ = {
			isa = PBXGroup;
			children = (
				4C4AC2B633316AF0CAD0586F /* Pods_ZenCalmList.framework */,
			);
			name = Frameworks;
			sourceTree = "<group>";
		};
		91EE36202FF347F1D49600BC /* Pods */ = {
			isa = PBXGroup;
			children = (
				B89CCE33CCCFEC2E0CB870ED /* Pods-ZenCalmList.debug.xcconfig */,
				3BD65263E94180A69585AB02 /* Pods-ZenCalmList.release.xcconfig */,
			);
			name = Pods;
			sourceTree = "<group>";
		};
/* End PBXGroup section */

/* Begin PBXNativeTarget section */
		1BDDF5E121D4A41D00271069 /* ZenCalmList */ = {
			isa = PBXNativeTarget;
			buildConfigurationList = 1BDDF5F421D4A41F00271069 /* Build configuration list for PBXNativeTarget "ZenCalmList" */;
			buildPhases = (
				26E917CF911826EEEC97B2DA /* [CP] Check Pods Manifest.lock */,
				1BDDF5DE21D4A41D00271069 /* Sources */,
				1BDDF5DF21D4A41D00271069 /* Frameworks */,
				1BDDF5E021D4A41D00271069 /* Resources */,
				E6712539448223AC00BC4BE4 /* [CP] Embed Pods Frameworks */,
				D22DF43FC5A24EE160B15FB7 /* [CP] Copy Pods Resources */,
			);
			buildRules = (
			);
			dependencies = (
			);
			name = ZenCalmList;
			productName = ZenCalmList;
			productReference = 1BDDF5E221D4A41D00271069 /* ZenCalmList.app */;
			productType = "com.apple.product-type.application";
		};
/* End PBXNativeTarget section */

/* Begin PBXProject section */
		1BDDF5DA21D4A41D00271069 /* Project object */ = {
			isa = PBXProject;
			attributes = {
				LastSwiftUpdateCheck = 1010;
				LastUpgradeCheck = 1010;
				ORGANIZATIONNAME = "Kohsei Awachi";
				TargetAttributes = {
					1BDDF5E121D4A41D00271069 = {
						CreatedOnToolsVersion = 10.1;
					};
				};
			};
			buildConfigurationList = 1BDDF5DD21D4A41D00271069 /* Build configuration list for PBXProject "ZenCalmList" */;
			compatibilityVersion = "Xcode 9.3";
			developmentRegion = en;
			hasScannedForEncodings = 0;
			knownRegions = (
				en,
				Base,
			);
			mainGroup = 1BDDF5D921D4A41D00271069;
			productRefGroup = 1BDDF5E321D4A41D00271069 /* Products */;
			projectDirPath = "";
			projectRoot = "";
			targets = (
				1BDDF5E121D4A41D00271069 /* ZenCalmList */,
			);
		};
/* End PBXProject section */

/* Begin PBXResourcesBuildPhase section */
		1BDDF5E021D4A41D00271069 /* Resources */ = {
			isa = PBXResourcesBuildPhase;
			buildActionMask = 2147483647;
			files = (
				1BDDF5F021D4A41F00271069 /* LaunchScreen.storyboard in Resources */,
				1BDDF5ED21D4A41F00271069 /* Assets.xcassets in Resources */,
				1BDDF5EB21D4A41D00271069 /* Main.storyboard in Resources */,
			);
			runOnlyForDeploymentPostprocessing = 0;
		};
/* End PBXResourcesBuildPhase section */

/* Begin PBXShellScriptBuildPhase section */
		26E917CF911826EEEC97B2DA /* [CP] Check Pods Manifest.lock */ = {
			isa = PBXShellScriptBuildPhase;
			buildActionMask = 2147483647;
			files = (
			);
			inputPaths = (
				"${PODS_PODFILE_DIR_PATH}/Podfile.lock",
				"${PODS_ROOT}/Manifest.lock",
			);
			name = "[CP] Check Pods Manifest.lock";
			outputPaths = (
				"$(DERIVED_FILE_DIR)/Pods-ZenCalmList-checkManifestLockResult.txt",
			);
			runOnlyForDeploymentPostprocessing = 0;
			shellPath = /bin/sh;
			shellScript = "diff \"${PODS_PODFILE_DIR_PATH}/Podfile.lock\" \"${PODS_ROOT}/Manifest.lock\" > /dev/null\nif [ $? != 0 ] ; then\n    # print error to STDERR\n    echo \"error: The sandbox is not in sync with the Podfile.lock. Run 'pod install' or update your CocoaPods installation.\" >&2\n    exit 1\nfi\n# This output is used by Xcode 'outputs' to avoid re-running this script phase.\necho \"SUCCESS\" > \"${SCRIPT_OUTPUT_FILE_0}\"\n";
			showEnvVarsInLog = 0;
		};
		D22DF43FC5A24EE160B15FB7 /* [CP] Copy Pods Resources */ = {
			isa = PBXShellScriptBuildPhase;
			buildActionMask = 2147483647;
			files = (
			);
			inputPaths = (
			);
			name = "[CP] Copy Pods Resources";
			outputPaths = (
			);
			runOnlyForDeploymentPostprocessing = 0;
			shellPath = /bin/sh;
			shellScript = "\"${SRCROOT}/Pods/Target Support Files/Pods-ZenCalmList/Pods-ZenCalmList-resources.sh\"\n";
			showEnvVarsInLog = 0;
		};
		E6712539448223AC00BC4BE4 /* [CP] Embed Pods Frameworks */ = {
			isa = PBXShellScriptBuildPhase;
			buildActionMask = 2147483647;
			files = (
			);
			inputPaths = (
				"${SRCROOT}/Pods/Target Support Files/Pods-ZenCalmList/Pods-ZenCalmList-frameworks.sh",
				"${BUILT_PRODUCTS_DIR}/Realm/Realm.framework",
				"${BUILT_PRODUCTS_DIR}/RealmSwift/RealmSwift.framework",
			);
			name = "[CP] Embed Pods Frameworks";
			outputPaths = (
				"${TARGET_BUILD_DIR}/${FRAMEWORKS_FOLDER_PATH}/Realm.framework",
				"${TARGET_BUILD_DIR}/${FRAMEWORKS_FOLDER_PATH}/RealmSwift.framework",
			);
			runOnlyForDeploymentPostprocessing = 0;
			shellPath = /bin/sh;
			shellScript = "\"${SRCROOT}/Pods/Target Support Files/Pods-ZenCalmList/Pods-ZenCalmList-frameworks.sh\"\n";
			showEnvVarsInLog = 0;
		};
/* End PBXShellScriptBuildPhase section */

/* Begin PBXSourcesBuildPhase section */
		1BDDF5DE21D4A41D00271069 /* Sources */ = {
			isa = PBXSourcesBuildPhase;
			buildActionMask = 2147483647;
			files = (
				1BD042BD21DC928B00CAC0BE /* Item.swift in Sources */,
				1BDDF5E821D4A41D00271069 /* ToDoListTableViewController.swift in Sources */,
				1BDDF5E621D4A41D00271069 /* AppDelegate.swift in Sources */,
				1BD042B921DC64AE00CAC0BE /* CategoryTableViewController.swift in Sources */,
				1BD042BF21DC929400CAC0BE /* Category.swift in Sources */,
			);
			runOnlyForDeploymentPostprocessing = 0;
		};
/* End PBXSourcesBuildPhase section */

/* Begin PBXVariantGroup section */
		1BDDF5E921D4A41D00271069 /* Main.storyboard */ = {
			isa = PBXVariantGroup;
			children = (
				1BDDF5EA21D4A41D00271069 /* Base */,
			);
			name = Main.storyboard;
			sourceTree = "<group>";
		};
		1BDDF5EE21D4A41F00271069 /* LaunchScreen.storyboard */ = {
			isa = PBXVariantGroup;
			children = (
				1BDDF5EF21D4A41F00271069 /* Base */,
			);
			name = LaunchScreen.storyboard;
			sourceTree = "<group>";
		};
/* End PBXVariantGroup section */

/* Begin XCBuildConfiguration section */
		1BDDF5F221D4A41F00271069 /* Debug */ = {
			isa = XCBuildConfiguration;
			buildSettings = {
				ALWAYS_SEARCH_USER_PATHS = NO;
				CLANG_ANALYZER_NONNULL = YES;
				CLANG_ANALYZER_NUMBER_OBJECT_CONVERSION = YES_AGGRESSIVE;
				CLANG_CXX_LANGUAGE_STANDARD = "gnu++14";
				CLANG_CXX_LIBRARY = "libc++";
				CLANG_ENABLE_MODULES = YES;
				CLANG_ENABLE_OBJC_ARC = YES;
				CLANG_ENABLE_OBJC_WEAK = YES;
				CLANG_WARN_BLOCK_CAPTURE_AUTORELEASING = YES;
				CLANG_WARN_BOOL_CONVERSION = YES;
				CLANG_WARN_COMMA = YES;
				CLANG_WARN_CONSTANT_CONVERSION = YES;
				CLANG_WARN_DEPRECATED_OBJC_IMPLEMENTATIONS = YES;
				CLANG_WARN_DIRECT_OBJC_ISA_USAGE = YES_ERROR;
				CLANG_WARN_DOCUMENTATION_COMMENTS = YES;
				CLANG_WARN_EMPTY_BODY = YES;
				CLANG_WARN_ENUM_CONVERSION = YES;
				CLANG_WARN_INFINITE_RECURSION = YES;
				CLANG_WARN_INT_CONVERSION = YES;
				CLANG_WARN_NON_LITERAL_NULL_CONVERSION = YES;
				CLANG_WARN_OBJC_IMPLICIT_RETAIN_SELF = YES;
				CLANG_WARN_OBJC_LITERAL_CONVERSION = YES;
				CLANG_WARN_OBJC_ROOT_CLASS = YES_ERROR;
				CLANG_WARN_RANGE_LOOP_ANALYSIS = YES;
				CLANG_WARN_STRICT_PROTOTYPES = YES;
				CLANG_WARN_SUSPICIOUS_MOVE = YES;
				CLANG_WARN_UNGUARDED_AVAILABILITY = YES_AGGRESSIVE;
				CLANG_WARN_UNREACHABLE_CODE = YES;
				CLANG_WARN__DUPLICATE_METHOD_MATCH = YES;
				CODE_SIGN_IDENTITY = "iPhone Developer";
				COPY_PHASE_STRIP = NO;
				DEBUG_INFORMATION_FORMAT = dwarf;
				ENABLE_STRICT_OBJC_MSGSEND = YES;
				ENABLE_TESTABILITY = YES;
				GCC_C_LANGUAGE_STANDARD = gnu11;
				GCC_DYNAMIC_NO_PIC = NO;
				GCC_NO_COMMON_BLOCKS = YES;
				GCC_OPTIMIZATION_LEVEL = 0;
				GCC_PREPROCESSOR_DEFINITIONS = (
					"DEBUG=1",
					"$(inherited)",
				);
				GCC_WARN_64_TO_32_BIT_CONVERSION = YES;
				GCC_WARN_ABOUT_RETURN_TYPE = YES_ERROR;
				GCC_WARN_UNDECLARED_SELECTOR = YES;
				GCC_WARN_UNINITIALIZED_AUTOS = YES_AGGRESSIVE;
				GCC_WARN_UNUSED_FUNCTION = YES;
				GCC_WARN_UNUSED_VARIABLE = YES;
				IPHONEOS_DEPLOYMENT_TARGET = 12.1;
				MTL_ENABLE_DEBUG_INFO = INCLUDE_SOURCE;
				MTL_FAST_MATH = YES;
				ONLY_ACTIVE_ARCH = YES;
				SDKROOT = iphoneos;
				SWIFT_ACTIVE_COMPILATION_CONDITIONS = DEBUG;
				SWIFT_OPTIMIZATION_LEVEL = "-Onone";
			};
			name = Debug;
		};
		1BDDF5F321D4A41F00271069 /* Release */ = {
			isa = XCBuildConfiguration;
			buildSettings = {
				ALWAYS_SEARCH_USER_PATHS = NO;
				CLANG_ANALYZER_NONNULL = YES;
				CLANG_ANALYZER_NUMBER_OBJECT_CONVERSION = YES_AGGRESSIVE;
				CLANG_CXX_LANGUAGE_STANDARD = "gnu++14";
				CLANG_CXX_LIBRARY = "libc++";
				CLANG_ENABLE_MODULES = YES;
				CLANG_ENABLE_OBJC_ARC = YES;
				CLANG_ENABLE_OBJC_WEAK = YES;
				CLANG_WARN_BLOCK_CAPTURE_AUTORELEASING = YES;
				CLANG_WARN_BOOL_CONVERSION = YES;
				CLANG_WARN_COMMA = YES;
				CLANG_WARN_CONSTANT_CONVERSION = YES;
				CLANG_WARN_DEPRECATED_OBJC_IMPLEMENTATIONS = YES;
				CLANG_WARN_DIRECT_OBJC_ISA_USAGE = YES_ERROR;
				CLANG_WARN_DOCUMENTATION_COMMENTS = YES;
				CLANG_WARN_EMPTY_BODY = YES;
				CLANG_WARN_ENUM_CONVERSION = YES;
				CLANG_WARN_INFINITE_RECURSION = YES;
				CLANG_WARN_INT_CONVERSION = YES;
				CLANG_WARN_NON_LITERAL_NULL_CONVERSION = YES;
				CLANG_WARN_OBJC_IMPLICIT_RETAIN_SELF = YES;
				CLANG_WARN_OBJC_LITERAL_CONVERSION = YES;
				CLANG_WARN_OBJC_ROOT_CLASS = YES_ERROR;
				CLANG_WARN_RANGE_LOOP_ANALYSIS = YES;
				CLANG_WARN_STRICT_PROTOTYPES = YES;
				CLANG_WARN_SUSPICIOUS_MOVE = YES;
				CLANG_WARN_UNGUARDED_AVAILABILITY = YES_AGGRESSIVE;
				CLANG_WARN_UNREACHABLE_CODE = YES;
				CLANG_WARN__DUPLICATE_METHOD_MATCH = YES;
				CODE_SIGN_IDENTITY = "iPhone Developer";
				COPY_PHASE_STRIP = NO;
				DEBUG_INFORMATION_FORMAT = "dwarf-with-dsym";
				ENABLE_NS_ASSERTIONS = NO;
				ENABLE_STRICT_OBJC_MSGSEND = YES;
				GCC_C_LANGUAGE_STANDARD = gnu11;
				GCC_NO_COMMON_BLOCKS = YES;
				GCC_WARN_64_TO_32_BIT_CONVERSION = YES;
				GCC_WARN_ABOUT_RETURN_TYPE = YES_ERROR;
				GCC_WARN_UNDECLARED_SELECTOR = YES;
				GCC_WARN_UNINITIALIZED_AUTOS = YES_AGGRESSIVE;
				GCC_WARN_UNUSED_FUNCTION = YES;
				GCC_WARN_UNUSED_VARIABLE = YES;
				IPHONEOS_DEPLOYMENT_TARGET = 12.1;
				MTL_ENABLE_DEBUG_INFO = NO;
				MTL_FAST_MATH = YES;
				SDKROOT = iphoneos;
				SWIFT_COMPILATION_MODE = wholemodule;
				SWIFT_OPTIMIZATION_LEVEL = "-O";
				VALIDATE_PRODUCT = YES;
			};
			name = Release;
		};
		1BDDF5F521D4A41F00271069 /* Debug */ = {
			isa = XCBuildConfiguration;
			baseConfigurationReference = B89CCE33CCCFEC2E0CB870ED /* Pods-ZenCalmList.debug.xcconfig */;
			buildSettings = {
				ASSETCATALOG_COMPILER_APPICON_NAME = AppIcon;
				CODE_SIGN_STYLE = Automatic;
				INFOPLIST_FILE = ZenCalmList/Info.plist;
				LD_RUNPATH_SEARCH_PATHS = (
					"$(inherited)",
					"@executable_path/Frameworks",
				);
				PRODUCT_BUNDLE_IDENTIFIER = com.kabalry.ZenCalmList;
				PRODUCT_NAME = "$(TARGET_NAME)";
				SWIFT_VERSION = 4.2;
				TARGETED_DEVICE_FAMILY = "1,2";
			};
			name = Debug;
		};
		1BDDF5F621D4A41F00271069 /* Release */ = {
			isa = XCBuildConfiguration;
			baseConfigurationReference = 3BD65263E94180A69585AB02 /* Pods-ZenCalmList.release.xcconfig */;
			buildSettings = {
				ASSETCATALOG_COMPILER_APPICON_NAME = AppIcon;
				CODE_SIGN_STYLE = Automatic;
				INFOPLIST_FILE = ZenCalmList/Info.plist;
				LD_RUNPATH_SEARCH_PATHS = (
					"$(inherited)",
					"@executable_path/Frameworks",
				);
				PRODUCT_BUNDLE_IDENTIFIER = com.kabalry.ZenCalmList;
				PRODUCT_NAME = "$(TARGET_NAME)";
				SWIFT_VERSION = 4.2;
				TARGETED_DEVICE_FAMILY = "1,2";
			};
			name = Release;
		};
/* End XCBuildConfiguration section */

/* Begin XCConfigurationList section */
		1BDDF5DD21D4A41D00271069 /* Build configuration list for PBXProject "ZenCalmList" */ = {
			isa = XCConfigurationList;
			buildConfigurations = (
				1BDDF5F221D4A41F00271069 /* Debug */,
				1BDDF5F321D4A41F00271069 /* Release */,
			);
			defaultConfigurationIsVisible = 0;
			defaultConfigurationName = Release;
		};
		1BDDF5F421D4A41F00271069 /* Build configuration list for PBXNativeTarget "ZenCalmList" */ = {
			isa = XCConfigurationList;
			buildConfigurations = (
				1BDDF5F521D4A41F00271069 /* Debug */,
				1BDDF5F621D4A41F00271069 /* Release */,
			);
			defaultConfigurationIsVisible = 0;
			defaultConfigurationName = Release;
		};
/* End XCConfigurationList section */
	};
	rootObject = 1BDDF5DA21D4A41D00271069 /* Project object */;
}
